Microsoft Visual Studio Solution File, Format Version 12.00
# Visual Studio Version 17
VisualStudioVersion = 17.5.2.0
MinimumVisualStudioVersion = 10.0.40219.1
Project("{FAE04EC0-301F-11D3-BF4B-00C04F79EFBC}") = "HotelUyutClean", "HotelUyutClean.csproj", "{CC2E4819-11D3-BBCE-3AAA-12AB083D5773}"
EndProject
Global
	GlobalSection(SolutionConfigurationPlatforms) = preSolution
		Debug|Any CPU = Debug|Any CPU
		Release|Any CPU = Release|Any CPU
	EndGlobalSection
	GlobalSection(ProjectConfigurationPlatforms) = postSolution
		{CC2E4819-11D3-BBCE-3AAA-12AB083D5773}.Debug|Any CPU.ActiveCfg = Debug|Any CPU
		{CC2E4819-11D3-BBCE-3AAA-12AB083D5773}.Debug|Any CPU.Build.0 = Debug|Any CPU
		{CC2E4819-11D3-BBCE-3AAA-12AB083D5773}.Release|Any CPU.ActiveCfg = Release|Any CPU
		{CC2E4819-11D3-BBCE-3AAA-12AB083D5773}.Release|Any CPU.Build.0 = Release|Any CPU
	EndGlobalSection
	GlobalSection(SolutionProperties) = preSolution
		HideSolutionNode = FALSE
	EndGlobalSection
	GlobalSection(ExtensibilityGlobals) = postSolution
		SolutionGuid = {DA92C8A0-9A14-4376-BEDE-CCC51688F5DF}
	EndGlobalSection
EndGlobal
